
Microsoft Visual Studio Solution File, Format Version 12.00
# Visual Studio Version 16
VisualStudioVersion = 16.0.31019.35
MinimumVisualStudioVersion = 10.0.40219.1
Project("{FAE04EC0-301F-11D3-BF4B-00C04F79EFBC}") = "HollowKnightdat2json", "HollowKnightdat2json.csproj", "{B13116D7-DDBA-445C-98B9-893365AD4346}"
EndProject
Global
	GlobalSection(SolutionConfigurationPlatforms) = preSolution
		Debug|Any CPU = Debug|Any CPU
		Release|Any CPU = Release|Any CPU
	EndGlobalSection
	GlobalSection(ProjectConfigurationPlatforms) = postSolution
		{B13116D7-DDBA-445C-98B9-893365AD4346}.Debug|Any CPU.ActiveCfg = Debug|Any CPU
		{B13116D7-DDBA-445C-98B9-893365AD4346}.Debug|Any CPU.Build.0 = Debug|Any CPU
		{B13116D7-DDBA-445C-98B9-893365AD4346}.Release|Any CPU.ActiveCfg = Release|Any CPU
		{B13116D7-DDBA-445C-98B9-893365AD4346}.Release|Any CPU.Build.0 = Release|Any CPU
	EndGlobalSection
	GlobalSection(SolutionProperties) = preSolution
		HideSolutionNode = FALSE
	EndGlobalSection
	GlobalSection(ExtensibilityGlobals) = postSolution
		SolutionGuid = {ABBBF08E-E1C4-45DA-A87E-7F88A6D1146F}
	EndGlobalSection
EndGlobal
